
Microsoft Visual Studio Solution File, Format Version 12.00
# Visual Studio 15
VisualStudioVersion = 15.0.26228.9
MinimumVisualStudioVersion = 10.0.40219.1
Project("{FAE04EC0-301F-11D3-BF4B-00C04F79EFBC}") = "CoffeeMachineFirstIteration", "CoffeeMachineFirstIteration\CoffeeMachineFirstIteration.csproj", "{CDD29E65-8BEE-469B-8118-612A5F19D1ED}"
EndProject
Project("{FAE04EC0-301F-11D3-BF4B-00C04F79EFBC}") = "UnitTestFirstIteration", "UnitTestFirstIteration\UnitTestFirstIteration.csproj", "{B6B6004C-8C88-4BBC-983E-B0A237F74B13}"
EndProject
Global
	GlobalSection(SolutionConfigurationPlatforms) = preSolution
		Debug|Any CPU = Debug|Any CPU
		Release|Any CPU = Release|Any CPU
	EndGlobalSection
	GlobalSection(ProjectConfigurationPlatforms) = postSolution
		{CDD29E65-8BEE-469B-8118-612A5F19D1ED}.Debug|Any CPU.ActiveCfg = Debug|Any CPU
		{CDD29E65-8BEE-469B-8118-612A5F19D1ED}.Debug|Any CPU.Build.0 = Debug|Any CPU
		{CDD29E65-8BEE-469B-8118-612A5F19D1ED}.Release|Any CPU.ActiveCfg = Release|Any CPU
		{CDD29E65-8BEE-469B-8118-612A5F19D1ED}.Release|Any CPU.Build.0 = Release|Any CPU
		{B6B6004C-8C88-4BBC-983E-B0A237F74B13}.Debug|Any CPU.ActiveCfg = Debug|Any CPU
		{B6B6004C-8C88-4BBC-983E-B0A237F74B13}.Debug|Any CPU.Build.0 = Debug|Any CPU
		{B6B6004C-8C88-4BBC-983E-B0A237F74B13}.Release|Any CPU.ActiveCfg = Release|Any CPU
		{B6B6004C-8C88-4BBC-983E-B0A237F74B13}.Release|Any CPU.Build.0 = Release|Any CPU
	EndGlobalSection
	GlobalSection(SolutionProperties) = preSolution
		HideSolutionNode = FALSE
	EndGlobalSection
EndGlobal
